<?xml version="1.0" encoding="UTF-8"?>
<CONFIG>
  <ProjectOptions>
    <Version Value="12"/>
    <PathDelim Value="\"/>
    <General>
      <SessionStorage Value="InProjectDir"/>
      <Title Value="Tuner radio web"/>
      <Scaled Value="True"/>
      <ResourceType Value="res"/>
      <UseXPManifest Value="True"/>
      <XPManifest>
        <DpiAware Value="True"/>
        <TextName Value="bb-sdtp.WebRadio.WebRadio"/>
        <TextDesc Value="Tuner radio web - Web radio tuner"/>
      </XPManifest>
      <Icon Value="0"/>
      <Resources Count="2">
        <Resource_0 FileName="DotMatrix.ttf" Type="RCDATA" ResourceName="DOTMATRIX"/>
        <Resource_1 FileName="images\webradio32.png" Type="RCDATA" ResourceName="WEBRADIO32"/>
      </Resources>
    </General>
    <VersionInfo>
      <UseVersionInfo Value="True"/>
      <MinorVersionNr Value="8"/>
      <RevisionNr Value="1"/>
      <StringTable Comments="Web radio player" CompanyName="sdtp - bb95" FileDescription="Tuner radio web - Web radio tuner" InternalName="WebRadio" LegalCopyright="sdtp - bb95" LegalTrademarks="sdtp - bb95" OriginalFilename="WebRadio.exe" ProductName="WebRadio" ProductVersion="0.8.1.0"/>
    </VersionInfo>
    <BuildModes>
      <Item Name="Default" Default="True"/>
    </BuildModes>
    <PublishOptions>
      <Version Value="2"/>
      <UseFileFilters Value="True"/>
    </PublishOptions>
    <RunParams>
      <FormatVersion Value="2"/>
    </RunParams>
    <RequiredPackages>
      <Item>
        <PackageName Value="indylaz"/>
      </Item>
      <Item>
        <PackageName Value="uniqueinstance_package"/>
      </Item>
      <Item>
        <PackageName Value="bgracontrols"/>
      </Item>
      <Item>
        <PackageName Value="lazbbcomponents"/>
      </Item>
      <Item>
        <PackageName Value="LCL"/>
      </Item>
    </RequiredPackages>
    <Units>
      <Unit>
        <Filename Value="webradio.lpr"/>
        <IsPartOfProject Value="True"/>
      </Unit>
      <Unit>
        <Filename Value="webradio1.pas"/>
        <IsPartOfProject Value="True"/>
        <ComponentName Value="FWebRadioMain"/>
        <HasResources Value="True"/>
        <ResourceBaseClass Value="Form"/>
      </Unit>
      <Unit>
        <Filename Value="settings1.pas"/>
        <IsPartOfProject Value="True"/>
        <ComponentName Value="FSettings"/>
        <HasResources Value="True"/>
        <ResourceBaseClass Value="Form"/>
      </Unit>
      <Unit>
        <Filename Value="radios1.pas"/>
        <IsPartOfProject Value="True"/>
        <ComponentName Value="FRadios"/>
        <HasResources Value="True"/>
        <ResourceBaseClass Value="Form"/>
        <UnitName Value="Radios1"/>
      </Unit>
      <Unit>
        <Filename Value="history.txt"/>
        <IsPartOfProject Value="True"/>
      </Unit>
      <Unit>
        <Filename Value="webradio.txt"/>
        <IsPartOfProject Value="True"/>
      </Unit>
      <Unit>
        <Filename Value="equalizer1.pas"/>
        <IsPartOfProject Value="True"/>
        <ComponentName Value="FEqualizer"/>
        <HasResources Value="True"/>
        <ResourceBaseClass Value="Form"/>
      </Unit>
    </Units>
  </ProjectOptions>
  <CompilerOptions>
    <Version Value="11"/>
    <PathDelim Value="\"/>
    <Target>
      <Filename Value="webradio$(TargetOS)"/>
    </Target>
    <SearchPaths>
      <IncludeFiles Value="$(ProjOutDir)"/>
      <OtherUnitFiles Value="..\lazbbunits"/>
      <UnitOutputDirectory Value="lib\$(TargetCPU)-$(TargetOS)"/>
    </SearchPaths>
    <CodeGeneration>
      <TargetCPU Value="x86_64"/>
      <TargetOS Value="win64"/>
      <Optimizations>
        <OptimizationLevel Value="2"/>
      </Optimizations>
    </CodeGeneration>
    <Linking>
      <Debugging>
        <GenerateDebugInfo Value="False"/>
        <DebugInfoType Value="dsDwarf2Set"/>
      </Debugging>
      <Options>
        <Win32>
          <GraphicApplication Value="True"/>
        </Win32>
      </Options>
    </Linking>
    <Other>
      <CompilerMessages>
        <IgnoredMessages idx6058="True"/>
      </CompilerMessages>
    </Other>
  </CompilerOptions>
  <Debugging>
    <Exceptions>
      <Item>
        <Name Value="EAbort"/>
      </Item>
      <Item>
        <Name Value="ECodetoolError"/>
      </Item>
      <Item>
        <Name Value="EFOpenError"/>
      </Item>
      <Item>
        <Name Value="EConvertError"/>
      </Item>
    </Exceptions>
  </Debugging>
</CONFIG>
